
Microsoft Visual Studio Solution File, Format Version 12.00
# Visual Studio Version 17
VisualStudioVersion = 17.4.33122.133
MinimumVisualStudioVersion = 10.0.40219.1
Project("{9A19103F-16F7-4668-BE54-9A1E7A4F7556}") = "Elgiganten", "Elgiganten\Elgiganten.csproj", "{670CC8AB-46B8-48A7-958A-6F90D20C3366}"
EndProject
Global
	GlobalSection(SolutionConfigurationPlatforms) = preSolution
		Debug|Any CPU = Debug|Any CPU
		Release|Any CPU = Release|Any CPU
	EndGlobalSection
	GlobalSection(ProjectConfigurationPlatforms) = postSolution
		{670CC8AB-46B8-48A7-958A-6F90D20C3366}.Debug|Any CPU.ActiveCfg = Debug|Any CPU
		{670CC8AB-46B8-48A7-958A-6F90D20C3366}.Debug|Any CPU.Build.0 = Debug|Any CPU
		{670CC8AB-46B8-48A7-958A-6F90D20C3366}.Release|Any CPU.ActiveCfg = Release|Any CPU
		{670CC8AB-46B8-48A7-958A-6F90D20C3366}.Release|Any CPU.Build.0 = Release|Any CPU
	EndGlobalSection
	GlobalSection(SolutionProperties) = preSolution
		HideSolutionNode = FALSE
	EndGlobalSection
	GlobalSection(ExtensibilityGlobals) = postSolution
		SolutionGuid = {2B5DEF8F-4463-4B9B-AF72-865E237C98C1}
	EndGlobalSection
EndGlobal
